
Microsoft Visual Studio Solution File, Format Version 12.00
# Visual Studio Version 16
VisualStudioVersion = 16.0.29102.190
MinimumVisualStudioVersion = 10.0.40219.1
Project("{9A19103F-16F7-4668-BE54-9A1E7A4F7556}") = "Animals.Program", "Animals\Animals.Program.csproj", "{6388FCC8-E449-45B1-B017-ECC1FAD9C3D8}"
EndProject
Project("{9A19103F-16F7-4668-BE54-9A1E7A4F7556}") = "Animals.Repository", "Animals.Repository\Animals.Repository.csproj", "{79D8BD00-40F0-48B0-989A-77EEEDA20F58}"
EndProject
Project("{9A19103F-16F7-4668-BE54-9A1E7A4F7556}") = "Animals.Logic", "Animals.Collection\Animals.Logic.csproj", "{3C3D91BB-DDA0-4527-9D62-5EFDE73AA3B8}"
EndProject
Global
	GlobalSection(SolutionConfigurationPlatforms) = preSolution
		Debug|Any CPU = Debug|Any CPU
		Release|Any CPU = Release|Any CPU
	EndGlobalSection
	GlobalSection(ProjectConfigurationPlatforms) = postSolution
		{6388FCC8-E449-45B1-B017-ECC1FAD9C3D8}.Debug|Any CPU.ActiveCfg = Debug|Any CPU
		{6388FCC8-E449-45B1-B017-ECC1FAD9C3D8}.Debug|Any CPU.Build.0 = Debug|Any CPU
		{6388FCC8-E449-45B1-B017-ECC1FAD9C3D8}.Release|Any CPU.ActiveCfg = Release|Any CPU
		{6388FCC8-E449-45B1-B017-ECC1FAD9C3D8}.Release|Any CPU.Build.0 = Release|Any CPU
		{79D8BD00-40F0-48B0-989A-77EEEDA20F58}.Debug|Any CPU.ActiveCfg = Debug|Any CPU
		{79D8BD00-40F0-48B0-989A-77EEEDA20F58}.Debug|Any CPU.Build.0 = Debug|Any CPU
		{79D8BD00-40F0-48B0-989A-77EEEDA20F58}.Release|Any CPU.ActiveCfg = Release|Any CPU
		{79D8BD00-40F0-48B0-989A-77EEEDA20F58}.Release|Any CPU.Build.0 = Release|Any CPU
		{3C3D91BB-DDA0-4527-9D62-5EFDE73AA3B8}.Debug|Any CPU.ActiveCfg = Debug|Any CPU
		{3C3D91BB-DDA0-4527-9D62-5EFDE73AA3B8}.Debug|Any CPU.Build.0 = Debug|Any CPU
		{3C3D91BB-DDA0-4527-9D62-5EFDE73AA3B8}.Release|Any CPU.ActiveCfg = Release|Any CPU
		{3C3D91BB-DDA0-4527-9D62-5EFDE73AA3B8}.Release|Any CPU.Build.0 = Release|Any CPU
	EndGlobalSection
	GlobalSection(SolutionProperties) = preSolution
		HideSolutionNode = FALSE
	EndGlobalSection
	GlobalSection(ExtensibilityGlobals) = postSolution
		SolutionGuid = {9D80C71B-F273-4E48-AA07-62F02E6584FB}
	EndGlobalSection
EndGlobal
